{
  "name": "hs-marketplace-learning",
  "version": "1.0.0",
  "lockfileVersion": 3,
  "requires": true,
  "packages": {
    "": {
      "name": "hs-marketplace-learning",
      "version": "1.0.0",
      "devDependencies": {
        "@hubspot/prettier-plugin-hubl": "^0.3.8",
        "prettier": "^3.0.0"
      }
    },
    "node_modules/@hubspot/prettier-plugin-hubl": {
      "version": "0.3.8",
      "resolved": "https://registry.npmjs.org/@hubspot/prettier-plugin-hubl/-/prettier-plugin-hubl-0.3.8.tgz",
      "integrity": "sha512-ViFd16INoueDOGoLgm4w7vYjwH5VNuHpC4nSftXFw4oqKBea6vek87C1TxLzZkfVqBWTKqAoV3ShsKuaq774ig==",
      "bundleDependencies": [
        "hubl-parser"
      ],
      "dev": true,
      "license": "Apache-2.0",
      "workspaces": [
        "parser",
        "prettier"
      ],
      "dependencies": {
        "@prettier/sync": "^0.5.2",
        "hubl-parser": "1.0.0"
      },
      "engines": {
        "node": ">=16"
      },
      "peerDependencies": {
        "prettier": "3.x"
      }
    },
    "node_modules/@hubspot/prettier-plugin-hubl/node_modules/colors": {
      "version": "1.4.0",
      "dev": true,
      "inBundle": true,
      "license": "MIT",
      "engines": {
        "node": ">=0.1.90"
      }
    },
    "node_modules/@hubspot/prettier-plugin-hubl/node_modules/hubl-parser": {
      "version": "1.0.0",
      "dev": true,
      "inBundle": true,
      "license": "Apache-2.0",
      "dependencies": {
        "colors": "^1.4.0"
      }
    },
    "node_modules/@prettier/sync": {
      "version": "0.5.5",
      "resolved": "https://registry.npmjs.org/@prettier/sync/-/sync-0.5.5.tgz",
      "integrity": "sha512-6BMtNr7aQhyNcGzmumkL0tgr1YQGfm9d7ZdmRpWqWuqpc9vZBind4xMe5NMiRECOhjuSiWHfBWLBnXkpeE90bw==",
      "dev": true,
      "license": "MIT",
      "dependencies": {
        "make-synchronized": "^0.4.2"
      },
      "funding": {
        "url": "https://github.com/prettier/prettier-synchronized?sponsor=1"
      },
      "peerDependencies": {
        "prettier": "*"
      }
    },
    "node_modules/make-synchronized": {
      "version": "0.4.2",
      "resolved": "https://registry.npmjs.org/make-synchronized/-/make-synchronized-0.4.2.tgz",
      "integrity": "sha512-EwEJSg8gSGLicKXp/VzNi1tvzhdmNBxOzslkkJSoNUCQFZKH/NIUIp7xlfN+noaHrz4BJDN73gne8IHnjl/F/A==",
      "dev": true,
      "license": "MIT",
      "funding": {
        "url": "https://github.com/fisker/make-synchronized?sponsor=1"
      }
    },
    "node_modules/prettier": {
      "version": "3.9.6",
      "resolved": "https://registry.npmjs.org/prettier/-/prettier-3.9.6.tgz",
      "integrity": "sha512-OpN0zzVdiaiAhxpuuj5efpIS4sY9j7bY6uR5mnj5yPzGkdkjNKSJeUThPb60Jw29QuAZgA4o+/iB49kFiaBX6g==",
      "dev": true,
      "license": "MIT",
      "bin": {
        "prettier": "bin/prettier.cjs"
      },
      "engines": {
        "node": ">=14"
      },
      "funding": {
        "url": "https://github.com/prettier/prettier?sponsor=1"
      }
    }
  }
}
